
Microsoft Visual Studio Solution File, Format Version 12.00
# Visual Studio 15
VisualStudioVersion = 15.0.28010.2003
MinimumVisualStudioVersion = 10.0.40219.1
Project("{8BC9CEB8-8B4A-11D0-8D11-00A0C91BC942}") = "Stephen Giang. Assignment 9", "Stephen Giang. Assignment 9\Stephen Giang. Assignment 9.vcxproj", "{DF9FA7CB-C070-4146-B9E4-91045F57AB09}"
EndProject
Global
	GlobalSection(SolutionConfigurationPlatforms) = preSolution
		Debug|x64 = Debug|x64
		Debug|x86 = Debug|x86
		Release|x64 = Release|x64
		Release|x86 = Release|x86
	EndGlobalSection
	GlobalSection(ProjectConfigurationPlatforms) = postSolution
		{DF9FA7CB-C070-4146-B9E4-91045F57AB09}.Debug|x64.ActiveCfg = Debug|x64
		{DF9FA7CB-C070-4146-B9E4-91045F57AB09}.Debug|x64.Build.0 = Debug|x64
		{DF9FA7CB-C070-4146-B9E4-91045F57AB09}.Debug|x86.ActiveCfg = Debug|Win32
		{DF9FA7CB-C070-4146-B9E4-91045F57AB09}.Debug|x86.Build.0 = Debug|Win32
		{DF9FA7CB-C070-4146-B9E4-91045F57AB09}.Release|x64.ActiveCfg = Release|x64
		{DF9FA7CB-C070-4146-B9E4-91045F57AB09}.Release|x64.Build.0 = Release|x64
		{DF9FA7CB-C070-4146-B9E4-91045F57AB09}.Release|x86.ActiveCfg = Release|Win32
		{DF9FA7CB-C070-4146-B9E4-91045F57AB09}.Release|x86.Build.0 = Release|Win32
	EndGlobalSection
	GlobalSection(SolutionProperties) = preSolution
		HideSolutionNode = FALSE
	EndGlobalSection
	GlobalSection(ExtensibilityGlobals) = postSolution
		SolutionGuid = {F79DCE52-3F03-4A64-A60A-8E493B96FB09}
	EndGlobalSection
EndGlobal
