
Microsoft Visual Studio Solution File, Format Version 12.00
# Visual Studio 15
VisualStudioVersion = 15.0.28010.2003
MinimumVisualStudioVersion = 10.0.40219.1
Project("{8BC9CEB8-8B4A-11D0-8D11-00A0C91BC942}") = "Stephen Giang. Assignment 10", "Stephen Giang. Assignment 10\Stephen Giang. Assignment 10.vcxproj", "{FC6E4095-E340-4AD9-AE95-EBF4159106BB}"
EndProject
Global
	GlobalSection(SolutionConfigurationPlatforms) = preSolution
		Debug|x64 = Debug|x64
		Debug|x86 = Debug|x86
		Release|x64 = Release|x64
		Release|x86 = Release|x86
	EndGlobalSection
	GlobalSection(ProjectConfigurationPlatforms) = postSolution
		{FC6E4095-E340-4AD9-AE95-EBF4159106BB}.Debug|x64.ActiveCfg = Debug|x64
		{FC6E4095-E340-4AD9-AE95-EBF4159106BB}.Debug|x64.Build.0 = Debug|x64
		{FC6E4095-E340-4AD9-AE95-EBF4159106BB}.Debug|x86.ActiveCfg = Debug|Win32
		{FC6E4095-E340-4AD9-AE95-EBF4159106BB}.Debug|x86.Build.0 = Debug|Win32
		{FC6E4095-E340-4AD9-AE95-EBF4159106BB}.Release|x64.ActiveCfg = Release|x64
		{FC6E4095-E340-4AD9-AE95-EBF4159106BB}.Release|x64.Build.0 = Release|x64
		{FC6E4095-E340-4AD9-AE95-EBF4159106BB}.Release|x86.ActiveCfg = Release|Win32
		{FC6E4095-E340-4AD9-AE95-EBF4159106BB}.Release|x86.Build.0 = Release|Win32
	EndGlobalSection
	GlobalSection(SolutionProperties) = preSolution
		HideSolutionNode = FALSE
	EndGlobalSection
	GlobalSection(ExtensibilityGlobals) = postSolution
		SolutionGuid = {2F5F2F86-8587-4539-8587-2846F0B1867C}
	EndGlobalSection
EndGlobal
